{
    "version": 3,
    "terraform_version": "0.11.8",
    "serial": 4,
    "lineage": "3b7f1300-ab4e-528c-3f2a-8d04fdd194e2",
    "modules": [
        {
            "path": [
                "root"
            ],
            "outputs": {},
            "resources": {
                "aws_instance.example": {
                    "type": "aws_instance",
                    "depends_on": [],
                    "primary": {
                        "id": "i-066d3bda1a1e86274",
                        "attributes": {
                            "ami": "ami-2d39803a",
                            "arn": "arn:aws:ec2:us-east-1:331274221071:instance/i-066d3bda1a1e86274",
                            "associate_public_ip_address": "true",
                            "availability_zone": "us-east-1d",
                            "cpu_core_count": "1",
                            "cpu_threads_per_core": "1",
                            "credit_specification.#": "1",
                            "credit_specification.0.cpu_credits": "standard",
                            "disable_api_termination": "false",
                            "ebs_block_device.#": "0",
                            "ebs_optimized": "false",
                            "ephemeral_block_device.#": "0",
                            "get_password_data": "false",
                            "iam_instance_profile": "",
                            "id": "i-066d3bda1a1e86274",
                            "instance_state": "running",
                            "instance_type": "t2.micro",
                            "ipv6_addresses.#": "0",
                            "key_name": "",
                            "monitoring": "false",
                            "network_interface.#": "0",
                            "network_interface_id": "eni-04083865ab40c2b3c",
                            "password_data": "",
                            "placement_group": "",
                            "primary_network_interface_id": "eni-04083865ab40c2b3c",
                            "private_dns": "ip-172-31-28-38.ec2.internal",
                            "private_ip": "172.31.28.38",
                            "public_dns": "ec2-18-212-158-26.compute-1.amazonaws.com",
                            "public_ip": "18.212.158.26",
                            "root_block_device.#": "1",
                            "root_block_device.0.delete_on_termination": "true",
                            "root_block_device.0.iops": "100",
                            "root_block_device.0.volume_id": "vol-096e55bed024b2eac",
                            "root_block_device.0.volume_size": "8",
                            "root_block_device.0.volume_type": "gp2",
                            "security_groups.#": "1",
                            "security_groups.3814588639": "default",
                            "source_dest_check": "true",
                            "subnet_id": "subnet-e6b356bd",
                            "tags.%": "1",
                            "tags.Name": "terraform-aptus-example",
                            "tenancy": "default",
                            "user_data": "c765373c563b260626d113c4a56a46e8a8c5ca33",
                            "volume_tags.%": "0",
                            "vpc_security_group_ids.#": "1",
                            "vpc_security_group_ids.50794159": "sg-65fd7b1f"
                        },
                        "meta": {
                            "e2bfb730-ecaa-11e6-8f88-34363bc7c4c0": {
                                "create": 600000000000,
                                "delete": 1200000000000,
                                "update": 600000000000
                            },
                            "schema_version": "1"
                        },
                        "tainted": false
                    },
                    "deposed": [],
                    "provider": "provider.aws"
                }
            },
            "depends_on": []
        }
    ]
}
